
Microsoft Visual Studio Solution File, Format Version 12.00
# Visual Studio Version 17
VisualStudioVersion = 17.10.35013.160
MinimumVisualStudioVersion = 10.0.40219.1
Project("{FAE04EC0-301F-11D3-BF4B-00C04F79EFBC}") = "ClassMethodDemo", "ClassMethodDemo\ClassMethodDemo.csproj", "{8418C894-CAD7-4BC4-B2C6-F1A1D272D6DF}"
EndProject
Global
	GlobalSection(SolutionConfigurationPlatforms) = preSolution
		Debug|Any CPU = Debug|Any CPU
		Release|Any CPU = Release|Any CPU
	EndGlobalSection
	GlobalSection(ProjectConfigurationPlatforms) = postSolution
		{8418C894-CAD7-4BC4-B2C6-F1A1D272D6DF}.Debug|Any CPU.ActiveCfg = Debug|Any CPU
		{8418C894-CAD7-4BC4-B2C6-F1A1D272D6DF}.Debug|Any CPU.Build.0 = Debug|Any CPU
		{8418C894-CAD7-4BC4-B2C6-F1A1D272D6DF}.Release|Any CPU.ActiveCfg = Release|Any CPU
		{8418C894-CAD7-4BC4-B2C6-F1A1D272D6DF}.Release|Any CPU.Build.0 = Release|Any CPU
	EndGlobalSection
	GlobalSection(SolutionProperties) = preSolution
		HideSolutionNode = FALSE
	EndGlobalSection
	GlobalSection(ExtensibilityGlobals) = postSolution
		SolutionGuid = {4F17BADB-ADCC-480D-9936-00E742ED327A}
	EndGlobalSection
EndGlobal
